// !$*UTF8*$!
{
	archiveVersion = 1;
	classes = {
	};
	objectVersion = 45;
	objects = {

/* Begin PBXBuildFile section */
		D8980522121D8A600007A0AB /* hashtable.cc in Sources */ = {isa = PBXBuildFile; fileRef = D898051A121D8A600007A0AB /* hashtable.cc */; };
		D8980523121D8A600007A0AB /* ktable.cc in Sources */ = {isa = PBXBuildFile; fileRef = D898051D121D8A600007A0AB /* ktable.cc */; };
		D8980524121D8A600007A0AB /* parsers.cc in Sources */ = {isa = PBXBuildFile; fileRef = D898051F121D8A600007A0AB /* parsers.cc */; };
		D8F91F671221FFC1003733BB /* cerulean.cpp in Sources */ = {isa = PBXBuildFile; fileRef = D8F91F651221FFC1003733BB /* cerulean.cpp */; };
/* End PBXBuildFile section */

/* Begin PBXCopyFilesBuildPhase section */
		8DD76F690486A84900D96B5E /* CopyFiles */ = {
			isa = PBXCopyFilesBuildPhase;
			buildActionMask = 8;
			dstPath = /usr/share/man/man1/;
			dstSubfolderSpec = 0;
			files = (
			);
			runOnlyForDeploymentPostprocessing = 1;
		};
/* End PBXCopyFilesBuildPhase section */

/* Begin PBXFileReference section */
		8DD76F6C0486A84900D96B5E /* bleu */ = {isa = PBXFileReference; explicitFileType = "compiled.mach-o.executable"; includeInIndex = 0; path = bleu; sourceTree = BUILT_PRODUCTS_DIR; };
		D898051A121D8A600007A0AB /* hashtable.cc */ = {isa = PBXFileReference; fileEncoding = 4; lastKnownFileType = sourcecode.cpp.cpp; name = hashtable.cc; path = ../../../lib/hashtable.cc; sourceTree = SOURCE_ROOT; };
		D898051B121D8A600007A0AB /* hashtable.hh */ = {isa = PBXFileReference; fileEncoding = 4; lastKnownFileType = sourcecode.cpp.h; name = hashtable.hh; path = ../../../lib/hashtable.hh; sourceTree = SOURCE_ROOT; };
		D898051C121D8A600007A0AB /* khmer.hh */ = {isa = PBXFileReference; fileEncoding = 4; lastKnownFileType = sourcecode.cpp.h; name = khmer.hh; path = ../../../lib/khmer.hh; sourceTree = SOURCE_ROOT; };
		D898051D121D8A600007A0AB /* ktable.cc */ = {isa = PBXFileReference; fileEncoding = 4; lastKnownFileType = sourcecode.cpp.cpp; name = ktable.cc; path = ../../../lib/ktable.cc; sourceTree = SOURCE_ROOT; };
		D898051E121D8A600007A0AB /* ktable.hh */ = {isa = PBXFileReference; fileEncoding = 4; lastKnownFileType = sourcecode.cpp.h; name = ktable.hh; path = ../../../lib/ktable.hh; sourceTree = SOURCE_ROOT; };
		D898051F121D8A600007A0AB /* parsers.cc */ = {isa = PBXFileReference; fileEncoding = 4; lastKnownFileType = sourcecode.cpp.cpp; name = parsers.cc; path = ../../../lib/parsers.cc; sourceTree = SOURCE_ROOT; };
		D8980520121D8A600007A0AB /* parsers.hh */ = {isa = PBXFileReference; fileEncoding = 4; lastKnownFileType = sourcecode.cpp.h; name = parsers.hh; path = ../../../lib/parsers.hh; sourceTree = SOURCE_ROOT; };
		D8980521121D8A600007A0AB /* storage.hh */ = {isa = PBXFileReference; fileEncoding = 4; lastKnownFileType = sourcecode.cpp.h; name = storage.hh; path = ../../../lib/storage.hh; sourceTree = SOURCE_ROOT; };
		D89805EE121DCC0C0007A0AB /* README.txt */ = {isa = PBXFileReference; fileEncoding = 4; lastKnownFileType = text; name = README.txt; path = ../../README.txt; sourceTree = SOURCE_ROOT; };
		D8F91F641221FFA6003733BB /* cerulean.1 */ = {isa = PBXFileReference; fileEncoding = 4; lastKnownFileType = text.man; path = cerulean.1; sourceTree = "<group>"; };
		D8F91F651221FFC1003733BB /* cerulean.cpp */ = {isa = PBXFileReference; fileEncoding = 4; lastKnownFileType = sourcecode.cpp.cpp; name = cerulean.cpp; path = ../../cerulean/cerulean.cpp; sourceTree = SOURCE_ROOT; };
		D8F91F661221FFC1003733BB /* ceruleanfilter.hpp */ = {isa = PBXFileReference; fileEncoding = 4; lastKnownFileType = sourcecode.cpp.h; name = ceruleanfilter.hpp; path = ../../cerulean/ceruleanfilter.hpp; sourceTree = SOURCE_ROOT; };
		D8F91F681221FFD9003733BB /* Makefile */ = {isa = PBXFileReference; fileEncoding = 4; lastKnownFileType = sourcecode.make; name = Makefile; path = ../../cerulean/Makefile; sourceTree = SOURCE_ROOT; };
/* End PBXFileReference section */

/* Begin PBXFrameworksBuildPhase section */
		8DD76F660486A84900D96B5E /* Frameworks */ = {
			isa = PBXFrameworksBuildPhase;
			buildActionMask = 2147483647;
			files = (
			);
			runOnlyForDeploymentPostprocessing = 0;
		};
/* End PBXFrameworksBuildPhase section */

/* Begin PBXGroup section */
		08FB7794FE84155DC02AAC07 /* bleu */ = {
			isa = PBXGroup;
			children = (
				D8F91F681221FFD9003733BB /* Makefile */,
				08FB7795FE84155DC02AAC07 /* Source */,
				C6859E8C029090F304C91782 /* Documentation */,
				1AB674ADFE9D54B511CA2CBB /* Products */,
			);
			name = bleu;
			sourceTree = "<group>";
		};
		08FB7795FE84155DC02AAC07 /* Source */ = {
			isa = PBXGroup;
			children = (
				D8F91F651221FFC1003733BB /* cerulean.cpp */,
				D8F91F661221FFC1003733BB /* ceruleanfilter.hpp */,
				D898051A121D8A600007A0AB /* hashtable.cc */,
				D898051B121D8A600007A0AB /* hashtable.hh */,
				D898051C121D8A600007A0AB /* khmer.hh */,
				D898051D121D8A600007A0AB /* ktable.cc */,
				D898051E121D8A600007A0AB /* ktable.hh */,
				D898051F121D8A600007A0AB /* parsers.cc */,
				D8980520121D8A600007A0AB /* parsers.hh */,
				D8980521121D8A600007A0AB /* storage.hh */,
			);
			name = Source;
			sourceTree = "<group>";
		};
		1AB674ADFE9D54B511CA2CBB /* Products */ = {
			isa = PBXGroup;
			children = (
				8DD76F6C0486A84900D96B5E /* bleu */,
			);
			name = Products;
			sourceTree = "<group>";
		};
		C6859E8C029090F304C91782 /* Documentation */ = {
			isa = PBXGroup;
			children = (
				D8F91F641221FFA6003733BB /* cerulean.1 */,
				D89805EE121DCC0C0007A0AB /* README.txt */,
			);
			name = Documentation;
			sourceTree = "<group>";
		};
/* End PBXGroup section */

/* Begin PBXLegacyTarget section */
		D8980516121D89F60007A0AB /* make cerulean */ = {
			isa = PBXLegacyTarget;
			buildArgumentsString = cerulean;
			buildConfigurationList = D8980519121D8A1D0007A0AB /* Build configuration list for PBXLegacyTarget "make cerulean" */;
			buildPhases = (
			);
			buildToolPath = /usr/bin/make;
			buildWorkingDirectory = /Users/rosiec/Dropbox/Research/khmer/khmer/contrib/cerulean;
			dependencies = (
			);
			name = "make cerulean";
			passBuildSettingsInEnvironment = 1;
			productName = "make bleu";
		};
/* End PBXLegacyTarget section */

/* Begin PBXNativeTarget section */
		8DD76F620486A84900D96B5E /* cerulean */ = {
			isa = PBXNativeTarget;
			buildConfigurationList = 1DEB923108733DC60010E9CD /* Build configuration list for PBXNativeTarget "cerulean" */;
			buildPhases = (
				8DD76F640486A84900D96B5E /* Sources */,
				8DD76F660486A84900D96B5E /* Frameworks */,
				8DD76F690486A84900D96B5E /* CopyFiles */,
			);
			buildRules = (
			);
			dependencies = (
			);
			name = cerulean;
			productInstallPath = "$(HOME)/bin";
			productName = bleu;
			productReference = 8DD76F6C0486A84900D96B5E /* bleu */;
			productType = "com.apple.product-type.tool";
		};
/* End PBXNativeTarget section */

/* Begin PBXProject section */
		08FB7793FE84155DC02AAC07 /* Project object */ = {
			isa = PBXProject;
			buildConfigurationList = 1DEB923508733DC60010E9CD /* Build configuration list for PBXProject "cerulean" */;
			compatibilityVersion = "Xcode 3.1";
			developmentRegion = English;
			hasScannedForEncodings = 1;
			knownRegions = (
				English,
				Japanese,
				French,
				German,
			);
			mainGroup = 08FB7794FE84155DC02AAC07 /* bleu */;
			projectDirPath = "";
			projectRoot = "";
			targets = (
				8DD76F620486A84900D96B5E /* cerulean */,
				D8980516121D89F60007A0AB /* make cerulean */,
			);
		};
/* End PBXProject section */

/* Begin PBXSourcesBuildPhase section */
		8DD76F640486A84900D96B5E /* Sources */ = {
			isa = PBXSourcesBuildPhase;
			buildActionMask = 2147483647;
			files = (
				D8980522121D8A600007A0AB /* hashtable.cc in Sources */,
				D8980523121D8A600007A0AB /* ktable.cc in Sources */,
				D8980524121D8A600007A0AB /* parsers.cc in Sources */,
				D8F91F671221FFC1003733BB /* cerulean.cpp in Sources */,
			);
			runOnlyForDeploymentPostprocessing = 0;
		};
/* End PBXSourcesBuildPhase section */

/* Begin XCBuildConfiguration section */
		1DEB923208733DC60010E9CD /* Debug */ = {
			isa = XCBuildConfiguration;
			buildSettings = {
				ALWAYS_SEARCH_USER_PATHS = NO;
				COPY_PHASE_STRIP = NO;
				GCC_DYNAMIC_NO_PIC = NO;
				GCC_ENABLE_FIX_AND_CONTINUE = YES;
				GCC_MODEL_TUNING = G5;
				GCC_OPTIMIZATION_LEVEL = 0;
				INSTALL_PATH = /usr/local/bin;
				PRODUCT_NAME = bleu;
			};
			name = Debug;
		};
		1DEB923308733DC60010E9CD /* Release */ = {
			isa = XCBuildConfiguration;
			buildSettings = {
				ALWAYS_SEARCH_USER_PATHS = NO;
				DEBUG_INFORMATION_FORMAT = "dwarf-with-dsym";
				GCC_MODEL_TUNING = G5;
				INSTALL_PATH = /usr/local/bin;
				PRODUCT_NAME = bleu;
			};
			name = Release;
		};
		1DEB923608733DC60010E9CD /* Debug */ = {
			isa = XCBuildConfiguration;
			buildSettings = {
				ARCHS = "$(ARCHS_STANDARD_32_64_BIT)";
				GCC_C_LANGUAGE_STANDARD = gnu99;
				GCC_OPTIMIZATION_LEVEL = 0;
				GCC_WARN_ABOUT_RETURN_TYPE = YES;
				GCC_WARN_UNUSED_VARIABLE = YES;
				ONLY_ACTIVE_ARCH = YES;
				PREBINDING = NO;
				SDKROOT = macosx10.6;
			};
			name = Debug;
		};
		1DEB923708733DC60010E9CD /* Release */ = {
			isa = XCBuildConfiguration;
			buildSettings = {
				ARCHS = "$(ARCHS_STANDARD_32_64_BIT)";
				GCC_C_LANGUAGE_STANDARD = gnu99;
				GCC_WARN_ABOUT_RETURN_TYPE = YES;
				GCC_WARN_UNUSED_VARIABLE = YES;
				PREBINDING = NO;
				SDKROOT = macosx10.6;
			};
			name = Release;
		};
		D8980517121D89F60007A0AB /* Debug */ = {
			isa = XCBuildConfiguration;
			buildSettings = {
				COPY_PHASE_STRIP = NO;
				GCC_DYNAMIC_NO_PIC = NO;
				GCC_OPTIMIZATION_LEVEL = 0;
				PRODUCT_NAME = "make cerulean";
			};
			name = Debug;
		};
		D8980518121D89F60007A0AB /* Release */ = {
			isa = XCBuildConfiguration;
			buildSettings = {
				COPY_PHASE_STRIP = YES;
				DEBUG_INFORMATION_FORMAT = "dwarf-with-dsym";
				GCC_ENABLE_FIX_AND_CONTINUE = NO;
				PRODUCT_NAME = "make bleu";
				ZERO_LINK = NO;
			};
			name = Release;
		};
/* End XCBuildConfiguration section */

/* Begin XCConfigurationList section */
		1DEB923108733DC60010E9CD /* Build configuration list for PBXNativeTarget "cerulean" */ = {
			isa = XCConfigurationList;
			buildConfigurations = (
				1DEB923208733DC60010E9CD /* Debug */,
				1DEB923308733DC60010E9CD /* Release */,
			);
			defaultConfigurationIsVisible = 0;
			defaultConfigurationName = Release;
		};
		1DEB923508733DC60010E9CD /* Build configuration list for PBXProject "cerulean" */ = {
			isa = XCConfigurationList;
			buildConfigurations = (
				1DEB923608733DC60010E9CD /* Debug */,
				1DEB923708733DC60010E9CD /* Release */,
			);
			defaultConfigurationIsVisible = 0;
			defaultConfigurationName = Release;
		};
		D8980519121D8A1D0007A0AB /* Build configuration list for PBXLegacyTarget "make cerulean" */ = {
			isa = XCConfigurationList;
			buildConfigurations = (
				D8980517121D89F60007A0AB /* Debug */,
				D8980518121D89F60007A0AB /* Release */,
			);
			defaultConfigurationIsVisible = 0;
			defaultConfigurationName = Release;
		};
/* End XCConfigurationList section */
	};
	rootObject = 08FB7793FE84155DC02AAC07 /* Project object */;
}
