// !$*UTF8*$!
{
	archiveVersion = 1;
	classes = {
	};
	objectVersion = 45;
	objects = {

/* Begin PBXBuildFile section */
		8DD76F6A0486A84900D96B5E /* khmer.1 in CopyFiles */ = {isa = PBXBuildFile; fileRef = C6859E8B029090EE04C91782 /* khmer.1 */; };
		E7D3DF72132923F1007B2B21 /* bittest.cc in Sources */ = {isa = PBXBuildFile; fileRef = E7D3DF60132923F1007B2B21 /* bittest.cc */; };
		E7D3DF73132923F1007B2B21 /* consume_prof.cc in Sources */ = {isa = PBXBuildFile; fileRef = E7D3DF61132923F1007B2B21 /* consume_prof.cc */; };
		E7D3DF74132923F1007B2B21 /* counting.cc in Sources */ = {isa = PBXBuildFile; fileRef = E7D3DF62132923F1007B2B21 /* counting.cc */; };
		E7D3DF75132923F1007B2B21 /* graphtest.cc in Sources */ = {isa = PBXBuildFile; fileRef = E7D3DF64132923F1007B2B21 /* graphtest.cc */; };
		E7D3DF76132923F1007B2B21 /* hashbits.cc in Sources */ = {isa = PBXBuildFile; fileRef = E7D3DF65132923F1007B2B21 /* hashbits.cc */; };
		E7D3DF77132923F1007B2B21 /* hashtable.cc in Sources */ = {isa = PBXBuildFile; fileRef = E7D3DF67132923F1007B2B21 /* hashtable.cc */; };
		E7D3DF78132923F1007B2B21 /* ktable.cc in Sources */ = {isa = PBXBuildFile; fileRef = E7D3DF6A132923F1007B2B21 /* ktable.cc */; };
		E7D3DF79132923F1007B2B21 /* parsers.cc in Sources */ = {isa = PBXBuildFile; fileRef = E7D3DF6C132923F1007B2B21 /* parsers.cc */; };
		E7D3DF7A132923F1007B2B21 /* subset.cc in Sources */ = {isa = PBXBuildFile; fileRef = E7D3DF6F132923F1007B2B21 /* subset.cc */; };
		E7D3DF7B132923F1007B2B21 /* test.cc in Sources */ = {isa = PBXBuildFile; fileRef = E7D3DF71132923F1007B2B21 /* test.cc */; };
/* End PBXBuildFile section */

/* Begin PBXCopyFilesBuildPhase section */
		8DD76F690486A84900D96B5E /* CopyFiles */ = {
			isa = PBXCopyFilesBuildPhase;
			buildActionMask = 8;
			dstPath = /usr/share/man/man1/;
			dstSubfolderSpec = 0;
			files = (
				8DD76F6A0486A84900D96B5E /* khmer.1 in CopyFiles */,
			);
			runOnlyForDeploymentPostprocessing = 1;
		};
/* End PBXCopyFilesBuildPhase section */

/* Begin PBXFileReference section */
		8DD76F6C0486A84900D96B5E /* khmer */ = {isa = PBXFileReference; explicitFileType = "compiled.mach-o.executable"; includeInIndex = 0; path = khmer; sourceTree = BUILT_PRODUCTS_DIR; };
		C6859E8B029090EE04C91782 /* khmer.1 */ = {isa = PBXFileReference; lastKnownFileType = text.man; path = khmer.1; sourceTree = "<group>"; };
		D89804D2121D839D0007A0AB /* Makefile */ = {isa = PBXFileReference; fileEncoding = 4; lastKnownFileType = sourcecode.make; name = Makefile; path = ../../../lib/Makefile; sourceTree = SOURCE_ROOT; };
		D89804F2121D84EF0007A0AB /* bittest */ = {isa = PBXFileReference; explicitFileType = "compiled.mach-o.executable"; includeInIndex = 0; path = bittest; sourceTree = BUILT_PRODUCTS_DIR; };
		D89805BD121D9DC30007A0AB /* Makefile */ = {isa = PBXFileReference; fileEncoding = 4; lastKnownFileType = sourcecode.make; name = Makefile; path = ../../../Makefile; sourceTree = SOURCE_ROOT; };
		E7D3DF60132923F1007B2B21 /* bittest.cc */ = {isa = PBXFileReference; fileEncoding = 4; lastKnownFileType = sourcecode.cpp.cpp; name = bittest.cc; path = ../../../lib/bittest.cc; sourceTree = SOURCE_ROOT; };
		E7D3DF61132923F1007B2B21 /* consume_prof.cc */ = {isa = PBXFileReference; fileEncoding = 4; lastKnownFileType = sourcecode.cpp.cpp; name = consume_prof.cc; path = ../../../lib/consume_prof.cc; sourceTree = SOURCE_ROOT; };
		E7D3DF62132923F1007B2B21 /* counting.cc */ = {isa = PBXFileReference; fileEncoding = 4; lastKnownFileType = sourcecode.cpp.cpp; name = counting.cc; path = ../../../lib/counting.cc; sourceTree = SOURCE_ROOT; };
		E7D3DF63132923F1007B2B21 /* counting.hh */ = {isa = PBXFileReference; fileEncoding = 4; lastKnownFileType = sourcecode.cpp.h; name = counting.hh; path = ../../../lib/counting.hh; sourceTree = SOURCE_ROOT; };
		E7D3DF64132923F1007B2B21 /* graphtest.cc */ = {isa = PBXFileReference; fileEncoding = 4; lastKnownFileType = sourcecode.cpp.cpp; name = graphtest.cc; path = ../../../lib/graphtest.cc; sourceTree = SOURCE_ROOT; };
		E7D3DF65132923F1007B2B21 /* hashbits.cc */ = {isa = PBXFileReference; fileEncoding = 4; lastKnownFileType = sourcecode.cpp.cpp; name = hashbits.cc; path = ../../../lib/hashbits.cc; sourceTree = SOURCE_ROOT; };
		E7D3DF66132923F1007B2B21 /* hashbits.hh */ = {isa = PBXFileReference; fileEncoding = 4; lastKnownFileType = sourcecode.cpp.h; name = hashbits.hh; path = ../../../lib/hashbits.hh; sourceTree = SOURCE_ROOT; };
		E7D3DF67132923F1007B2B21 /* hashtable.cc */ = {isa = PBXFileReference; fileEncoding = 4; lastKnownFileType = sourcecode.cpp.cpp; name = hashtable.cc; path = ../../../lib/hashtable.cc; sourceTree = SOURCE_ROOT; };
		E7D3DF68132923F1007B2B21 /* hashtable.hh */ = {isa = PBXFileReference; fileEncoding = 4; lastKnownFileType = sourcecode.cpp.h; name = hashtable.hh; path = ../../../lib/hashtable.hh; sourceTree = SOURCE_ROOT; };
		E7D3DF69132923F1007B2B21 /* khmer.hh */ = {isa = PBXFileReference; fileEncoding = 4; lastKnownFileType = sourcecode.cpp.h; name = khmer.hh; path = ../../../lib/khmer.hh; sourceTree = SOURCE_ROOT; };
		E7D3DF6A132923F1007B2B21 /* ktable.cc */ = {isa = PBXFileReference; fileEncoding = 4; lastKnownFileType = sourcecode.cpp.cpp; name = ktable.cc; path = ../../../lib/ktable.cc; sourceTree = SOURCE_ROOT; };
		E7D3DF6B132923F1007B2B21 /* ktable.hh */ = {isa = PBXFileReference; fileEncoding = 4; lastKnownFileType = sourcecode.cpp.h; name = ktable.hh; path = ../../../lib/ktable.hh; sourceTree = SOURCE_ROOT; };
		E7D3DF6C132923F1007B2B21 /* parsers.cc */ = {isa = PBXFileReference; fileEncoding = 4; lastKnownFileType = sourcecode.cpp.cpp; name = parsers.cc; path = ../../../lib/parsers.cc; sourceTree = SOURCE_ROOT; };
		E7D3DF6D132923F1007B2B21 /* parsers.hh */ = {isa = PBXFileReference; fileEncoding = 4; lastKnownFileType = sourcecode.cpp.h; name = parsers.hh; path = ../../../lib/parsers.hh; sourceTree = SOURCE_ROOT; };
		E7D3DF6E132923F1007B2B21 /* storage.hh */ = {isa = PBXFileReference; fileEncoding = 4; lastKnownFileType = sourcecode.cpp.h; name = storage.hh; path = ../../../lib/storage.hh; sourceTree = SOURCE_ROOT; };
		E7D3DF6F132923F1007B2B21 /* subset.cc */ = {isa = PBXFileReference; fileEncoding = 4; lastKnownFileType = sourcecode.cpp.cpp; name = subset.cc; path = ../../../lib/subset.cc; sourceTree = SOURCE_ROOT; };
		E7D3DF70132923F1007B2B21 /* subset.hh */ = {isa = PBXFileReference; fileEncoding = 4; lastKnownFileType = sourcecode.cpp.h; name = subset.hh; path = ../../../lib/subset.hh; sourceTree = SOURCE_ROOT; };
		E7D3DF71132923F1007B2B21 /* test.cc */ = {isa = PBXFileReference; fileEncoding = 4; lastKnownFileType = sourcecode.cpp.cpp; name = test.cc; path = ../../../lib/test.cc; sourceTree = SOURCE_ROOT; };
/* End PBXFileReference section */

/* Begin PBXFrameworksBuildPhase section */
		8DD76F660486A84900D96B5E /* Frameworks */ = {
			isa = PBXFrameworksBuildPhase;
			buildActionMask = 2147483647;
			files = (
			);
			runOnlyForDeploymentPostprocessing = 0;
		};
		D89804F0121D84EF0007A0AB /* Frameworks */ = {
			isa = PBXFrameworksBuildPhase;
			buildActionMask = 2147483647;
			files = (
			);
			runOnlyForDeploymentPostprocessing = 0;
		};
/* End PBXFrameworksBuildPhase section */

/* Begin PBXGroup section */
		08FB7794FE84155DC02AAC07 /* khmer */ = {
			isa = PBXGroup;
			children = (
				D89804D0121D83820007A0AB /* Makefiles */,
				08FB7795FE84155DC02AAC07 /* Source */,
				C6859E8C029090F304C91782 /* Documentation */,
				1AB674ADFE9D54B511CA2CBB /* Products */,
			);
			name = khmer;
			sourceTree = "<group>";
		};
		08FB7795FE84155DC02AAC07 /* Source */ = {
			isa = PBXGroup;
			children = (
				E7D3DF60132923F1007B2B21 /* bittest.cc */,
				E7D3DF61132923F1007B2B21 /* consume_prof.cc */,
				E7D3DF62132923F1007B2B21 /* counting.cc */,
				E7D3DF63132923F1007B2B21 /* counting.hh */,
				E7D3DF64132923F1007B2B21 /* graphtest.cc */,
				E7D3DF65132923F1007B2B21 /* hashbits.cc */,
				E7D3DF66132923F1007B2B21 /* hashbits.hh */,
				E7D3DF67132923F1007B2B21 /* hashtable.cc */,
				E7D3DF68132923F1007B2B21 /* hashtable.hh */,
				E7D3DF69132923F1007B2B21 /* khmer.hh */,
				E7D3DF6A132923F1007B2B21 /* ktable.cc */,
				E7D3DF6B132923F1007B2B21 /* ktable.hh */,
				E7D3DF6C132923F1007B2B21 /* parsers.cc */,
				E7D3DF6D132923F1007B2B21 /* parsers.hh */,
				E7D3DF6E132923F1007B2B21 /* storage.hh */,
				E7D3DF6F132923F1007B2B21 /* subset.cc */,
				E7D3DF70132923F1007B2B21 /* subset.hh */,
				E7D3DF71132923F1007B2B21 /* test.cc */,
			);
			name = Source;
			sourceTree = "<group>";
		};
		1AB674ADFE9D54B511CA2CBB /* Products */ = {
			isa = PBXGroup;
			children = (
				8DD76F6C0486A84900D96B5E /* khmer */,
				D89804F2121D84EF0007A0AB /* bittest */,
			);
			name = Products;
			sourceTree = "<group>";
		};
		C6859E8C029090F304C91782 /* Documentation */ = {
			isa = PBXGroup;
			children = (
				C6859E8B029090EE04C91782 /* khmer.1 */,
			);
			name = Documentation;
			sourceTree = "<group>";
		};
		D89804D0121D83820007A0AB /* Makefiles */ = {
			isa = PBXGroup;
			children = (
				D89805BD121D9DC30007A0AB /* Makefile */,
				D89804D2121D839D0007A0AB /* Makefile */,
			);
			name = Makefiles;
			sourceTree = "<group>";
		};
/* End PBXGroup section */

/* Begin PBXLegacyTarget section */
		D89804CD121D83570007A0AB /* make bittest */ = {
			isa = PBXLegacyTarget;
			buildArgumentsString = bittest;
			buildConfigurationList = D89804D1121D83820007A0AB /* Build configuration list for PBXLegacyTarget "make bittest" */;
			buildPhases = (
			);
			buildToolPath = /usr/bin/make;
			buildWorkingDirectory = /Users/rosiec/Dropbox/Research/khmer/khmer/lib;
			dependencies = (
			);
			name = "make bittest";
			passBuildSettingsInEnvironment = 1;
			productName = "make bittest";
		};
		D89804D3121D83B80007A0AB /* make graphtest */ = {
			isa = PBXLegacyTarget;
			buildArgumentsString = graphtest;
			buildConfigurationList = D89804E6121D83EA0007A0AB /* Build configuration list for PBXLegacyTarget "make graphtest" */;
			buildPhases = (
			);
			buildToolPath = /usr/bin/make;
			buildWorkingDirectory = /Users/rosiec/Dropbox/Research/khmer/khmer/lib;
			dependencies = (
			);
			name = "make graphtest";
			passBuildSettingsInEnvironment = 1;
			productName = "make graphtest";
		};
		D89804E9121D84720007A0AB /* make consume_prof */ = {
			isa = PBXLegacyTarget;
			buildArgumentsString = consume_prof;
			buildConfigurationList = D89804EE121D849D0007A0AB /* Build configuration list for PBXLegacyTarget "make consume_prof" */;
			buildPhases = (
			);
			buildToolPath = /usr/bin/make;
			buildWorkingDirectory = /Users/rosiec/Dropbox/Research/khmer/khmer/lib;
			dependencies = (
			);
			name = "make consume_prof";
			passBuildSettingsInEnvironment = 1;
			productName = "make consume_prof";
		};
/* End PBXLegacyTarget section */

/* Begin PBXNativeTarget section */
		8DD76F620486A84900D96B5E /* khmer */ = {
			isa = PBXNativeTarget;
			buildConfigurationList = 1DEB923108733DC60010E9CD /* Build configuration list for PBXNativeTarget "khmer" */;
			buildPhases = (
				8DD76F640486A84900D96B5E /* Sources */,
				8DD76F660486A84900D96B5E /* Frameworks */,
				8DD76F690486A84900D96B5E /* CopyFiles */,
			);
			buildRules = (
			);
			dependencies = (
			);
			name = khmer;
			productInstallPath = "$(HOME)/bin";
			productName = khmer;
			productReference = 8DD76F6C0486A84900D96B5E /* khmer */;
			productType = "com.apple.product-type.tool";
		};
		D89804F1121D84EF0007A0AB /* bittest */ = {
			isa = PBXNativeTarget;
			buildConfigurationList = D89804F6121D852C0007A0AB /* Build configuration list for PBXNativeTarget "bittest" */;
			buildPhases = (
				D89804EF121D84EF0007A0AB /* Sources */,
				D89804F0121D84EF0007A0AB /* Frameworks */,
			);
			buildRules = (
			);
			dependencies = (
			);
			name = bittest;
			productName = bittest;
			productReference = D89804F2121D84EF0007A0AB /* bittest */;
			productType = "com.apple.product-type.tool";
		};
/* End PBXNativeTarget section */

/* Begin PBXProject section */
		08FB7793FE84155DC02AAC07 /* Project object */ = {
			isa = PBXProject;
			buildConfigurationList = 1DEB923508733DC60010E9CD /* Build configuration list for PBXProject "khmer" */;
			compatibilityVersion = "Xcode 3.1";
			hasScannedForEncodings = 1;
			mainGroup = 08FB7794FE84155DC02AAC07 /* khmer */;
			projectDirPath = "";
			projectRoot = "";
			targets = (
				8DD76F620486A84900D96B5E /* khmer */,
				D89804F1121D84EF0007A0AB /* bittest */,
				D89804CD121D83570007A0AB /* make bittest */,
				D89804D3121D83B80007A0AB /* make graphtest */,
				D89804E9121D84720007A0AB /* make consume_prof */,
			);
		};
/* End PBXProject section */

/* Begin PBXSourcesBuildPhase section */
		8DD76F640486A84900D96B5E /* Sources */ = {
			isa = PBXSourcesBuildPhase;
			buildActionMask = 2147483647;
			files = (
				E7D3DF72132923F1007B2B21 /* bittest.cc in Sources */,
				E7D3DF73132923F1007B2B21 /* consume_prof.cc in Sources */,
				E7D3DF74132923F1007B2B21 /* counting.cc in Sources */,
				E7D3DF75132923F1007B2B21 /* graphtest.cc in Sources */,
				E7D3DF76132923F1007B2B21 /* hashbits.cc in Sources */,
				E7D3DF77132923F1007B2B21 /* hashtable.cc in Sources */,
				E7D3DF78132923F1007B2B21 /* ktable.cc in Sources */,
				E7D3DF79132923F1007B2B21 /* parsers.cc in Sources */,
				E7D3DF7A132923F1007B2B21 /* subset.cc in Sources */,
				E7D3DF7B132923F1007B2B21 /* test.cc in Sources */,
			);
			runOnlyForDeploymentPostprocessing = 0;
		};
		D89804EF121D84EF0007A0AB /* Sources */ = {
			isa = PBXSourcesBuildPhase;
			buildActionMask = 2147483647;
			files = (
			);
			runOnlyForDeploymentPostprocessing = 0;
		};
/* End PBXSourcesBuildPhase section */

/* Begin XCBuildConfiguration section */
		1DEB923208733DC60010E9CD /* Debug */ = {
			isa = XCBuildConfiguration;
			buildSettings = {
				ALWAYS_SEARCH_USER_PATHS = NO;
				COPY_PHASE_STRIP = NO;
				GCC_DYNAMIC_NO_PIC = NO;
				GCC_ENABLE_FIX_AND_CONTINUE = YES;
				GCC_MODEL_TUNING = G5;
				GCC_OPTIMIZATION_LEVEL = 0;
				INSTALL_PATH = /usr/local/bin;
				PRODUCT_NAME = khmer;
			};
			name = Debug;
		};
		1DEB923308733DC60010E9CD /* Release */ = {
			isa = XCBuildConfiguration;
			buildSettings = {
				ALWAYS_SEARCH_USER_PATHS = NO;
				DEBUG_INFORMATION_FORMAT = "dwarf-with-dsym";
				GCC_MODEL_TUNING = G5;
				INSTALL_PATH = /usr/local/bin;
				PRODUCT_NAME = khmer;
			};
			name = Release;
		};
		1DEB923608733DC60010E9CD /* Debug */ = {
			isa = XCBuildConfiguration;
			buildSettings = {
				ARCHS = "$(ARCHS_STANDARD_32_64_BIT)";
				GCC_C_LANGUAGE_STANDARD = gnu99;
				GCC_OPTIMIZATION_LEVEL = 0;
				GCC_WARN_ABOUT_RETURN_TYPE = YES;
				GCC_WARN_UNUSED_VARIABLE = YES;
				ONLY_ACTIVE_ARCH = YES;
				PREBINDING = NO;
				SDKROOT = macosx10.6;
			};
			name = Debug;
		};
		1DEB923708733DC60010E9CD /* Release */ = {
			isa = XCBuildConfiguration;
			buildSettings = {
				ARCHS = "$(ARCHS_STANDARD_32_64_BIT)";
				GCC_C_LANGUAGE_STANDARD = gnu99;
				GCC_WARN_ABOUT_RETURN_TYPE = YES;
				GCC_WARN_UNUSED_VARIABLE = YES;
				PREBINDING = NO;
				SDKROOT = macosx10.6;
			};
			name = Release;
		};
		D89804CE121D83580007A0AB /* Debug */ = {
			isa = XCBuildConfiguration;
			buildSettings = {
				COPY_PHASE_STRIP = NO;
				GCC_DYNAMIC_NO_PIC = NO;
				GCC_OPTIMIZATION_LEVEL = 0;
				PRODUCT_NAME = "make bittest";
			};
			name = Debug;
		};
		D89804CF121D83580007A0AB /* Release */ = {
			isa = XCBuildConfiguration;
			buildSettings = {
				COPY_PHASE_STRIP = YES;
				DEBUG_INFORMATION_FORMAT = "dwarf-with-dsym";
				GCC_ENABLE_FIX_AND_CONTINUE = NO;
				PRODUCT_NAME = "make bittest";
				ZERO_LINK = NO;
			};
			name = Release;
		};
		D89804D4121D83B80007A0AB /* Debug */ = {
			isa = XCBuildConfiguration;
			buildSettings = {
				COPY_PHASE_STRIP = NO;
				GCC_DYNAMIC_NO_PIC = NO;
				GCC_OPTIMIZATION_LEVEL = 0;
				PRODUCT_NAME = "make graphtest";
			};
			name = Debug;
		};
		D89804D5121D83B80007A0AB /* Release */ = {
			isa = XCBuildConfiguration;
			buildSettings = {
				COPY_PHASE_STRIP = YES;
				DEBUG_INFORMATION_FORMAT = "dwarf-with-dsym";
				GCC_ENABLE_FIX_AND_CONTINUE = NO;
				PRODUCT_NAME = "make graphtest";
				ZERO_LINK = NO;
			};
			name = Release;
		};
		D89804EA121D84720007A0AB /* Debug */ = {
			isa = XCBuildConfiguration;
			buildSettings = {
				COPY_PHASE_STRIP = NO;
				GCC_DYNAMIC_NO_PIC = NO;
				GCC_OPTIMIZATION_LEVEL = 0;
				PRODUCT_NAME = "make consume_prof";
			};
			name = Debug;
		};
		D89804EB121D84720007A0AB /* Release */ = {
			isa = XCBuildConfiguration;
			buildSettings = {
				COPY_PHASE_STRIP = YES;
				DEBUG_INFORMATION_FORMAT = "dwarf-with-dsym";
				GCC_ENABLE_FIX_AND_CONTINUE = NO;
				PRODUCT_NAME = "make consume_prof";
				ZERO_LINK = NO;
			};
			name = Release;
		};
		D89804F4121D84EF0007A0AB /* Debug */ = {
			isa = XCBuildConfiguration;
			buildSettings = {
				ALWAYS_SEARCH_USER_PATHS = NO;
				COPY_PHASE_STRIP = NO;
				GCC_DYNAMIC_NO_PIC = NO;
				GCC_ENABLE_FIX_AND_CONTINUE = YES;
				GCC_MODEL_TUNING = G5;
				GCC_OPTIMIZATION_LEVEL = 0;
				INSTALL_PATH = /usr/local/bin;
				PREBINDING = NO;
				PRODUCT_NAME = bittest;
			};
			name = Debug;
		};
		D89804F5121D84EF0007A0AB /* Release */ = {
			isa = XCBuildConfiguration;
			buildSettings = {
				ALWAYS_SEARCH_USER_PATHS = NO;
				COPY_PHASE_STRIP = YES;
				DEBUG_INFORMATION_FORMAT = "dwarf-with-dsym";
				GCC_ENABLE_FIX_AND_CONTINUE = NO;
				GCC_MODEL_TUNING = G5;
				INSTALL_PATH = /usr/local/bin;
				PREBINDING = NO;
				PRODUCT_NAME = bittest;
				ZERO_LINK = NO;
			};
			name = Release;
		};
/* End XCBuildConfiguration section */

/* Begin XCConfigurationList section */
		1DEB923108733DC60010E9CD /* Build configuration list for PBXNativeTarget "khmer" */ = {
			isa = XCConfigurationList;
			buildConfigurations = (
				1DEB923208733DC60010E9CD /* Debug */,
				1DEB923308733DC60010E9CD /* Release */,
			);
			defaultConfigurationIsVisible = 0;
			defaultConfigurationName = Release;
		};
		1DEB923508733DC60010E9CD /* Build configuration list for PBXProject "khmer" */ = {
			isa = XCConfigurationList;
			buildConfigurations = (
				1DEB923608733DC60010E9CD /* Debug */,
				1DEB923708733DC60010E9CD /* Release */,
			);
			defaultConfigurationIsVisible = 0;
			defaultConfigurationName = Release;
		};
		D89804D1121D83820007A0AB /* Build configuration list for PBXLegacyTarget "make bittest" */ = {
			isa = XCConfigurationList;
			buildConfigurations = (
				D89804CE121D83580007A0AB /* Debug */,
				D89804CF121D83580007A0AB /* Release */,
			);
			defaultConfigurationIsVisible = 0;
			defaultConfigurationName = Release;
		};
		D89804E6121D83EA0007A0AB /* Build configuration list for PBXLegacyTarget "make graphtest" */ = {
			isa = XCConfigurationList;
			buildConfigurations = (
				D89804D4121D83B80007A0AB /* Debug */,
				D89804D5121D83B80007A0AB /* Release */,
			);
			defaultConfigurationIsVisible = 0;
			defaultConfigurationName = Release;
		};
		D89804EE121D849D0007A0AB /* Build configuration list for PBXLegacyTarget "make consume_prof" */ = {
			isa = XCConfigurationList;
			buildConfigurations = (
				D89804EA121D84720007A0AB /* Debug */,
				D89804EB121D84720007A0AB /* Release */,
			);
			defaultConfigurationIsVisible = 0;
			defaultConfigurationName = Release;
		};
		D89804F6121D852C0007A0AB /* Build configuration list for PBXNativeTarget "bittest" */ = {
			isa = XCConfigurationList;
			buildConfigurations = (
				D89804F4121D84EF0007A0AB /* Debug */,
				D89804F5121D84EF0007A0AB /* Release */,
			);
			defaultConfigurationIsVisible = 0;
			defaultConfigurationName = Release;
		};
/* End XCConfigurationList section */
	};
	rootObject = 08FB7793FE84155DC02AAC07 /* Project object */;
}
