// !$*UTF8*$!
{
	archiveVersion = 1;
	classes = {
	};
	objectVersion = 46;
	objects = {

/* Begin PBXBuildFile section */
		8DD76F6A0486A84900D96B5E /* bleu.1 in CopyFiles */ = {isa = PBXBuildFile; fileRef = C6859E8B029090EE04C91782 /* bleu.1 */; };
		D8158657126FA48300AEEEE8 /* Makefile in Sources */ = {isa = PBXBuildFile; fileRef = D8158656126FA48300AEEEE8 /* Makefile */; };
		D8158659126FA49C00AEEEE8 /* Makefile in Sources */ = {isa = PBXBuildFile; fileRef = D8158658126FA49C00AEEEE8 /* Makefile */; };
		D89424CB1238021800DCC84E /* cBitArray.cc in Sources */ = {isa = PBXBuildFile; fileRef = D89424C81238021800DCC84E /* cBitArray.cc */; };
		D8980522121D8A600007A0AB /* hashtable.cc in Sources */ = {isa = PBXBuildFile; fileRef = D898051A121D8A600007A0AB /* hashtable.cc */; };
		D8980523121D8A600007A0AB /* ktable.cc in Sources */ = {isa = PBXBuildFile; fileRef = D898051D121D8A600007A0AB /* ktable.cc */; };
		D8980524121D8A600007A0AB /* parsers.cc in Sources */ = {isa = PBXBuildFile; fileRef = D898051F121D8A600007A0AB /* parsers.cc */; };
		D898060F121DCF9D0007A0AB /* bleu.cpp in Sources */ = {isa = PBXBuildFile; fileRef = D898060D121DCF9D0007A0AB /* bleu.cpp */; };
		E787C0B612C7D87400EF9891 /* hashtable.cc in Sources */ = {isa = PBXBuildFile; fileRef = D898051A121D8A600007A0AB /* hashtable.cc */; };
		E787C0B712C7D87400EF9891 /* ktable.cc in Sources */ = {isa = PBXBuildFile; fileRef = D898051D121D8A600007A0AB /* ktable.cc */; };
		E787C0B812C7D87400EF9891 /* parsers.cc in Sources */ = {isa = PBXBuildFile; fileRef = D898051F121D8A600007A0AB /* parsers.cc */; };
		E787C0BA12C7D87400EF9891 /* cBitArray.cc in Sources */ = {isa = PBXBuildFile; fileRef = D89424C81238021800DCC84E /* cBitArray.cc */; };
		E787C0BB12C7D87400EF9891 /* Makefile in Sources */ = {isa = PBXBuildFile; fileRef = D8158656126FA48300AEEEE8 /* Makefile */; };
		E787C0BC12C7D87400EF9891 /* Makefile in Sources */ = {isa = PBXBuildFile; fileRef = D8158658126FA49C00AEEEE8 /* Makefile */; };
		E787C0BF12C7D87400EF9891 /* bleu.1 in CopyFiles */ = {isa = PBXBuildFile; fileRef = C6859E8B029090EE04C91782 /* bleu.1 */; };
		E787C0C612C7D8A400EF9891 /* bleutests.cpp in Sources */ = {isa = PBXBuildFile; fileRef = E787C0C512C7D8A400EF9891 /* bleutests.cpp */; };
/* End PBXBuildFile section */

/* Begin PBXCopyFilesBuildPhase section */
		8DD76F690486A84900D96B5E /* CopyFiles */ = {
			isa = PBXCopyFilesBuildPhase;
			buildActionMask = 8;
			dstPath = /usr/share/man/man1/;
			dstSubfolderSpec = 0;
			files = (
				8DD76F6A0486A84900D96B5E /* bleu.1 in CopyFiles */,
			);
			runOnlyForDeploymentPostprocessing = 1;
		};
		E787C0BE12C7D87400EF9891 /* CopyFiles */ = {
			isa = PBXCopyFilesBuildPhase;
			buildActionMask = 8;
			dstPath = /usr/share/man/man1/;
			dstSubfolderSpec = 0;
			files = (
				E787C0BF12C7D87400EF9891 /* bleu.1 in CopyFiles */,
			);
			runOnlyForDeploymentPostprocessing = 1;
		};
/* End PBXCopyFilesBuildPhase section */

/* Begin PBXFileReference section */
		8DD76F6C0486A84900D96B5E /* bleu */ = {isa = PBXFileReference; explicitFileType = "compiled.mach-o.executable"; includeInIndex = 0; path = bleu; sourceTree = BUILT_PRODUCTS_DIR; };
		C6859E8B029090EE04C91782 /* bleu.1 */ = {isa = PBXFileReference; lastKnownFileType = text.man; path = bleu.1; sourceTree = "<group>"; };
		D8147BE3125F834E003A81C1 /* CanonicalSetsManager.hpp */ = {isa = PBXFileReference; fileEncoding = 4; lastKnownFileType = sourcecode.cpp.h; name = CanonicalSetsManager.hpp; path = ../../bleu/CanonicalSetsManager.hpp; sourceTree = SOURCE_ROOT; };
		D8147BE5125F8372003A81C1 /* CanonicalSet.hpp */ = {isa = PBXFileReference; fileEncoding = 4; lastKnownFileType = sourcecode.cpp.h; name = CanonicalSet.hpp; path = ../../bleu/CanonicalSet.hpp; sourceTree = SOURCE_ROOT; };
		D8158656126FA48300AEEEE8 /* Makefile */ = {isa = PBXFileReference; fileEncoding = 4; lastKnownFileType = sourcecode.make; name = Makefile; path = ../../../lib/Makefile; sourceTree = SOURCE_ROOT; };
		D8158658126FA49C00AEEEE8 /* Makefile */ = {isa = PBXFileReference; fileEncoding = 4; lastKnownFileType = sourcecode.make; name = Makefile; path = ../../external_lib/Makefile; sourceTree = SOURCE_ROOT; };
		D845C6531267B757003A3CE6 /* BitArray.hpp */ = {isa = PBXFileReference; fileEncoding = 4; lastKnownFileType = sourcecode.cpp.h; name = BitArray.hpp; path = ../../bleu/BitArray.hpp; sourceTree = SOURCE_ROOT; };
		D850F4A6124CFD07003E38AA /* Makefile */ = {isa = PBXFileReference; fileEncoding = 4; lastKnownFileType = sourcecode.make; name = Makefile; path = ../../pyrex/Makefile; sourceTree = SOURCE_ROOT; };
		D850F4A7124CFD2A003E38AA /* bleu.pyx */ = {isa = PBXFileReference; fileEncoding = 4; lastKnownFileType = text; name = bleu.pyx; path = ../../pyrex/bleu.pyx; sourceTree = SOURCE_ROOT; xcLanguageSpecificationIdentifier = xcode.lang.python; };
		D850F4CE124D0DC8003E38AA /* setup.py */ = {isa = PBXFileReference; fileEncoding = 4; lastKnownFileType = text.script.python; name = setup.py; path = ../../pyrex/setup.py; sourceTree = SOURCE_ROOT; };
		D8549D7912E75BB5006FC2BD /* shellscript.sh */ = {isa = PBXFileReference; fileEncoding = 4; lastKnownFileType = text.script.sh; name = shellscript.sh; path = ../../shellscript.sh; sourceTree = SOURCE_ROOT; };
		D89424C81238021800DCC84E /* cBitArray.cc */ = {isa = PBXFileReference; fileEncoding = 4; lastKnownFileType = sourcecode.cpp.cpp; name = cBitArray.cc; path = ../../external_lib/cBitArray.cc; sourceTree = SOURCE_ROOT; };
		D89424C91238021800DCC84E /* cBitArray.h */ = {isa = PBXFileReference; fileEncoding = 4; lastKnownFileType = sourcecode.c.h; name = cBitArray.h; path = ../../external_lib/cBitArray.h; sourceTree = SOURCE_ROOT; };
		D89424CA1238021800DCC84E /* tArray.h */ = {isa = PBXFileReference; fileEncoding = 4; lastKnownFileType = sourcecode.c.h; name = tArray.h; path = ../../external_lib/tArray.h; sourceTree = SOURCE_ROOT; };
		D8980512121D89930007A0AB /* Makefile */ = {isa = PBXFileReference; fileEncoding = 4; lastKnownFileType = sourcecode.make; name = Makefile; path = ../../bleu/Makefile; sourceTree = SOURCE_ROOT; };
		D898051A121D8A600007A0AB /* hashtable.cc */ = {isa = PBXFileReference; fileEncoding = 4; lastKnownFileType = sourcecode.cpp.cpp; name = hashtable.cc; path = ../../../lib/hashtable.cc; sourceTree = SOURCE_ROOT; };
		D898051B121D8A600007A0AB /* hashtable.hh */ = {isa = PBXFileReference; fileEncoding = 4; lastKnownFileType = sourcecode.cpp.h; name = hashtable.hh; path = ../../../lib/hashtable.hh; sourceTree = SOURCE_ROOT; };
		D898051C121D8A600007A0AB /* khmer.hh */ = {isa = PBXFileReference; fileEncoding = 4; lastKnownFileType = sourcecode.cpp.h; name = khmer.hh; path = ../../../lib/khmer.hh; sourceTree = SOURCE_ROOT; };
		D898051D121D8A600007A0AB /* ktable.cc */ = {isa = PBXFileReference; fileEncoding = 4; lastKnownFileType = sourcecode.cpp.cpp; name = ktable.cc; path = ../../../lib/ktable.cc; sourceTree = SOURCE_ROOT; };
		D898051E121D8A600007A0AB /* ktable.hh */ = {isa = PBXFileReference; fileEncoding = 4; lastKnownFileType = sourcecode.cpp.h; name = ktable.hh; path = ../../../lib/ktable.hh; sourceTree = SOURCE_ROOT; };
		D898051F121D8A600007A0AB /* parsers.cc */ = {isa = PBXFileReference; fileEncoding = 4; lastKnownFileType = sourcecode.cpp.cpp; name = parsers.cc; path = ../../../lib/parsers.cc; sourceTree = SOURCE_ROOT; };
		D8980520121D8A600007A0AB /* parsers.hh */ = {isa = PBXFileReference; fileEncoding = 4; lastKnownFileType = sourcecode.cpp.h; name = parsers.hh; path = ../../../lib/parsers.hh; sourceTree = SOURCE_ROOT; };
		D8980521121D8A600007A0AB /* storage.hh */ = {isa = PBXFileReference; fileEncoding = 4; lastKnownFileType = sourcecode.cpp.h; name = storage.hh; path = ../../../lib/storage.hh; sourceTree = SOURCE_ROOT; };
		D89805EE121DCC0C0007A0AB /* README.txt */ = {isa = PBXFileReference; fileEncoding = 4; lastKnownFileType = text; name = README.txt; path = ../../README.txt; sourceTree = SOURCE_ROOT; };
		D898060D121DCF9D0007A0AB /* bleu.cpp */ = {isa = PBXFileReference; fileEncoding = 4; lastKnownFileType = sourcecode.cpp.cpp; name = bleu.cpp; path = ../../bleu/bleu.cpp; sourceTree = SOURCE_ROOT; };
		D898060E121DCF9D0007A0AB /* bleufilter.hpp */ = {isa = PBXFileReference; fileEncoding = 4; lastKnownFileType = sourcecode.cpp.h; name = bleufilter.hpp; path = ../../bleu/bleufilter.hpp; sourceTree = SOURCE_ROOT; };
		D8AD16E5128AFEED00ECE596 /* SequenceHash.hpp */ = {isa = PBXFileReference; fileEncoding = 4; lastKnownFileType = sourcecode.cpp.h; name = SequenceHash.hpp; path = ../../bleu/SequenceHash.hpp; sourceTree = SOURCE_ROOT; };
		D8B9DA82125A7585007AEFA4 /* ChainedSet.hpp */ = {isa = PBXFileReference; fileEncoding = 4; lastKnownFileType = sourcecode.cpp.h; name = ChainedSet.hpp; path = ../../bleu/ChainedSet.hpp; sourceTree = SOURCE_ROOT; };
		D8B9DA83125A7585007AEFA4 /* ChainedSetsManager.hpp */ = {isa = PBXFileReference; fileEncoding = 4; lastKnownFileType = sourcecode.cpp.h; name = ChainedSetsManager.hpp; path = ../../bleu/ChainedSetsManager.hpp; sourceTree = SOURCE_ROOT; };
		E73A351E12C94C79004EB89A /* PrimeGenerator.hpp */ = {isa = PBXFileReference; fileEncoding = 4; lastKnownFileType = sourcecode.cpp.h; name = PrimeGenerator.hpp; path = ../../bleu/PrimeGenerator.hpp; sourceTree = SOURCE_ROOT; };
		E787C07512C7C8F200EF9891 /* SequenceHashArbitrary_Lookup.hpp */ = {isa = PBXFileReference; fileEncoding = 4; lastKnownFileType = sourcecode.cpp.h; name = SequenceHashArbitrary_Lookup.hpp; path = ../../bleu/SequenceHashArbitrary_Lookup.hpp; sourceTree = SOURCE_ROOT; };
		E787C0C312C7D87400EF9891 /* bleu */ = {isa = PBXFileReference; explicitFileType = "compiled.mach-o.executable"; includeInIndex = 0; path = bleu; sourceTree = BUILT_PRODUCTS_DIR; };
		E787C0C512C7D8A400EF9891 /* bleutests.cpp */ = {isa = PBXFileReference; fileEncoding = 4; lastKnownFileType = sourcecode.cpp.cpp; name = bleutests.cpp; path = ../../bleu/bleutests.cpp; sourceTree = SOURCE_ROOT; };
		E787C16A12C9217D00EF9891 /* SequenceHashArbitrary_Builder.hpp */ = {isa = PBXFileReference; fileEncoding = 4; lastKnownFileType = sourcecode.cpp.h; name = SequenceHashArbitrary_Builder.hpp; path = ../../bleu/SequenceHashArbitrary_Builder.hpp; sourceTree = SOURCE_ROOT; };
		E7946EB21291139000F2756F /* SequenceHashArbitrary.hpp */ = {isa = PBXFileReference; fileEncoding = 4; lastKnownFileType = sourcecode.cpp.h; name = SequenceHashArbitrary.hpp; path = ../../bleu/SequenceHashArbitrary.hpp; sourceTree = SOURCE_ROOT; };
/* End PBXFileReference section */

/* Begin PBXFrameworksBuildPhase section */
		8DD76F660486A84900D96B5E /* Frameworks */ = {
			isa = PBXFrameworksBuildPhase;
			buildActionMask = 2147483647;
			files = (
			);
			runOnlyForDeploymentPostprocessing = 0;
		};
		E787C0BD12C7D87400EF9891 /* Frameworks */ = {
			isa = PBXFrameworksBuildPhase;
			buildActionMask = 2147483647;
			files = (
			);
			runOnlyForDeploymentPostprocessing = 0;
		};
/* End PBXFrameworksBuildPhase section */

/* Begin PBXGroup section */
		08FB7794FE84155DC02AAC07 /* bleu */ = {
			isa = PBXGroup;
			children = (
				D8158658126FA49C00AEEEE8 /* Makefile */,
				D8158656126FA48300AEEEE8 /* Makefile */,
				D8980512121D89930007A0AB /* Makefile */,
				08FB7795FE84155DC02AAC07 /* Source */,
				C6859E8C029090F304C91782 /* Documentation */,
				1AB674ADFE9D54B511CA2CBB /* Products */,
				D850F4A6124CFD07003E38AA /* Makefile */,
				D850F4A7124CFD2A003E38AA /* bleu.pyx */,
				D850F4CE124D0DC8003E38AA /* setup.py */,
			);
			name = bleu;
			sourceTree = "<group>";
		};
		08FB7795FE84155DC02AAC07 /* Source */ = {
			isa = PBXGroup;
			children = (
				E7946EB21291139000F2756F /* SequenceHashArbitrary.hpp */,
				E787C16A12C9217D00EF9891 /* SequenceHashArbitrary_Builder.hpp */,
				E787C07512C7C8F200EF9891 /* SequenceHashArbitrary_Lookup.hpp */,
				E73A351E12C94C79004EB89A /* PrimeGenerator.hpp */,
				D8147BE5125F8372003A81C1 /* CanonicalSet.hpp */,
				D8147BE3125F834E003A81C1 /* CanonicalSetsManager.hpp */,
				D898060E121DCF9D0007A0AB /* bleufilter.hpp */,
				D8549D7912E75BB5006FC2BD /* shellscript.sh */,
				E787C0C512C7D8A400EF9891 /* bleutests.cpp */,
				D898060D121DCF9D0007A0AB /* bleu.cpp */,
				D8B9DAE2125A7C65007AEFA4 /* SupportingFiles */,
				D8147BE4125F8355003A81C1 /* Deprecated */,
			);
			name = Source;
			sourceTree = "<group>";
		};
		1AB674ADFE9D54B511CA2CBB /* Products */ = {
			isa = PBXGroup;
			children = (
				8DD76F6C0486A84900D96B5E /* bleu */,
				E787C0C312C7D87400EF9891 /* bleu */,
			);
			name = Products;
			sourceTree = "<group>";
		};
		C6859E8C029090F304C91782 /* Documentation */ = {
			isa = PBXGroup;
			children = (
				C6859E8B029090EE04C91782 /* bleu.1 */,
				D89805EE121DCC0C0007A0AB /* README.txt */,
			);
			name = Documentation;
			sourceTree = "<group>";
		};
		D8147BE4125F8355003A81C1 /* Deprecated */ = {
			isa = PBXGroup;
			children = (
				D8AD16E5128AFEED00ECE596 /* SequenceHash.hpp */,
				D845C6531267B757003A3CE6 /* BitArray.hpp */,
				D8B9DA82125A7585007AEFA4 /* ChainedSet.hpp */,
				D8B9DA83125A7585007AEFA4 /* ChainedSetsManager.hpp */,
			);
			name = Deprecated;
			sourceTree = "<group>";
		};
		D8B9DAE2125A7C65007AEFA4 /* SupportingFiles */ = {
			isa = PBXGroup;
			children = (
				D89424C81238021800DCC84E /* cBitArray.cc */,
				D89424C91238021800DCC84E /* cBitArray.h */,
				D89424CA1238021800DCC84E /* tArray.h */,
				D898051A121D8A600007A0AB /* hashtable.cc */,
				D898051B121D8A600007A0AB /* hashtable.hh */,
				D898051C121D8A600007A0AB /* khmer.hh */,
				D898051D121D8A600007A0AB /* ktable.cc */,
				D898051E121D8A600007A0AB /* ktable.hh */,
				D898051F121D8A600007A0AB /* parsers.cc */,
				D8980520121D8A600007A0AB /* parsers.hh */,
				D8980521121D8A600007A0AB /* storage.hh */,
			);
			name = SupportingFiles;
			sourceTree = "<group>";
		};
/* End PBXGroup section */

/* Begin PBXLegacyTarget section */
		D8980516121D89F60007A0AB /* make bleu */ = {
			isa = PBXLegacyTarget;
			buildArgumentsString = bleu;
			buildConfigurationList = D8980519121D8A1D0007A0AB /* Build configuration list for PBXLegacyTarget "make bleu" */;
			buildPhases = (
			);
			buildToolPath = /usr/bin/make;
			buildWorkingDirectory = /Users/rosiec/Dropbox/Research/khmer/khmer/contrib/bleu;
			dependencies = (
			);
			name = "make bleu";
			passBuildSettingsInEnvironment = 1;
			productName = "make bleu";
		};
/* End PBXLegacyTarget section */

/* Begin PBXNativeTarget section */
		8DD76F620486A84900D96B5E /* bleu */ = {
			isa = PBXNativeTarget;
			buildConfigurationList = 1DEB923108733DC60010E9CD /* Build configuration list for PBXNativeTarget "bleu" */;
			buildPhases = (
				8DD76F640486A84900D96B5E /* Sources */,
				8DD76F660486A84900D96B5E /* Frameworks */,
				8DD76F690486A84900D96B5E /* CopyFiles */,
			);
			buildRules = (
			);
			dependencies = (
			);
			name = bleu;
			productInstallPath = "$(HOME)/bin";
			productName = bleu;
			productReference = 8DD76F6C0486A84900D96B5E /* bleu */;
			productType = "com.apple.product-type.tool";
		};
		E787C0B412C7D87400EF9891 /* bleu_tests */ = {
			isa = PBXNativeTarget;
			buildConfigurationList = E787C0C012C7D87400EF9891 /* Build configuration list for PBXNativeTarget "bleu_tests" */;
			buildPhases = (
				E787C0B512C7D87400EF9891 /* Sources */,
				E787C0BD12C7D87400EF9891 /* Frameworks */,
				E787C0BE12C7D87400EF9891 /* CopyFiles */,
			);
			buildRules = (
			);
			dependencies = (
			);
			name = bleu_tests;
			productInstallPath = "$(HOME)/bin";
			productName = bleu;
			productReference = E787C0C312C7D87400EF9891 /* bleu */;
			productType = "com.apple.product-type.tool";
		};
/* End PBXNativeTarget section */

/* Begin PBXProject section */
		08FB7793FE84155DC02AAC07 /* Project object */ = {
			isa = PBXProject;
			attributes = {
				ORGANIZATIONNAME = VoidPtr;
			};
			buildConfigurationList = 1DEB923508733DC60010E9CD /* Build configuration list for PBXProject "bleu" */;
			compatibilityVersion = "Xcode 3.2";
			developmentRegion = English;
			hasScannedForEncodings = 1;
			knownRegions = (
				en,
			);
			mainGroup = 08FB7794FE84155DC02AAC07 /* bleu */;
			projectDirPath = "";
			projectRoot = "";
			targets = (
				E787C0B412C7D87400EF9891 /* bleu_tests */,
				8DD76F620486A84900D96B5E /* bleu */,
				D8980516121D89F60007A0AB /* make bleu */,
			);
		};
/* End PBXProject section */

/* Begin PBXSourcesBuildPhase section */
		8DD76F640486A84900D96B5E /* Sources */ = {
			isa = PBXSourcesBuildPhase;
			buildActionMask = 2147483647;
			files = (
				D8980522121D8A600007A0AB /* hashtable.cc in Sources */,
				D8980523121D8A600007A0AB /* ktable.cc in Sources */,
				D8980524121D8A600007A0AB /* parsers.cc in Sources */,
				D898060F121DCF9D0007A0AB /* bleu.cpp in Sources */,
				D89424CB1238021800DCC84E /* cBitArray.cc in Sources */,
				D8158657126FA48300AEEEE8 /* Makefile in Sources */,
				D8158659126FA49C00AEEEE8 /* Makefile in Sources */,
			);
			runOnlyForDeploymentPostprocessing = 0;
		};
		E787C0B512C7D87400EF9891 /* Sources */ = {
			isa = PBXSourcesBuildPhase;
			buildActionMask = 2147483647;
			files = (
				E787C0B612C7D87400EF9891 /* hashtable.cc in Sources */,
				E787C0B712C7D87400EF9891 /* ktable.cc in Sources */,
				E787C0B812C7D87400EF9891 /* parsers.cc in Sources */,
				E787C0BA12C7D87400EF9891 /* cBitArray.cc in Sources */,
				E787C0BB12C7D87400EF9891 /* Makefile in Sources */,
				E787C0BC12C7D87400EF9891 /* Makefile in Sources */,
				E787C0C612C7D8A400EF9891 /* bleutests.cpp in Sources */,
			);
			runOnlyForDeploymentPostprocessing = 0;
		};
/* End PBXSourcesBuildPhase section */

/* Begin XCBuildConfiguration section */
		1DEB923208733DC60010E9CD /* Debug */ = {
			isa = XCBuildConfiguration;
			buildSettings = {
				ALWAYS_SEARCH_USER_PATHS = NO;
				COPY_PHASE_STRIP = NO;
				GCC_DYNAMIC_NO_PIC = NO;
				GCC_ENABLE_FIX_AND_CONTINUE = YES;
				GCC_MODEL_TUNING = G5;
				GCC_OPTIMIZATION_LEVEL = 3;
				INSTALL_PATH = /usr/local/bin;
				PRODUCT_NAME = bleu;
			};
			name = Debug;
		};
		1DEB923308733DC60010E9CD /* Release */ = {
			isa = XCBuildConfiguration;
			buildSettings = {
				ALWAYS_SEARCH_USER_PATHS = NO;
				DEBUG_INFORMATION_FORMAT = "dwarf-with-dsym";
				GCC_MODEL_TUNING = G5;
				GCC_OPTIMIZATION_LEVEL = 3;
				INSTALL_PATH = /usr/local/bin;
				PRODUCT_NAME = bleu;
			};
			name = Release;
		};
		1DEB923608733DC60010E9CD /* Debug */ = {
			isa = XCBuildConfiguration;
			buildSettings = {
				ARCHS = "$(ARCHS_STANDARD_32_64_BIT)";
				GCC_C_LANGUAGE_STANDARD = gnu99;
				GCC_OPTIMIZATION_LEVEL = 0;
				GCC_WARN_ABOUT_RETURN_TYPE = YES;
				GCC_WARN_UNUSED_VARIABLE = YES;
				ONLY_ACTIVE_ARCH = YES;
				PREBINDING = NO;
				SDKROOT = macosx10.6;
			};
			name = Debug;
		};
		1DEB923708733DC60010E9CD /* Release */ = {
			isa = XCBuildConfiguration;
			buildSettings = {
				ARCHS = "$(ARCHS_STANDARD_32_64_BIT)";
				GCC_C_LANGUAGE_STANDARD = gnu99;
				GCC_WARN_ABOUT_RETURN_TYPE = YES;
				GCC_WARN_UNUSED_VARIABLE = YES;
				PREBINDING = NO;
				SDKROOT = macosx10.6;
			};
			name = Release;
		};
		D8980517121D89F60007A0AB /* Debug */ = {
			isa = XCBuildConfiguration;
			buildSettings = {
				COPY_PHASE_STRIP = NO;
				GCC_DYNAMIC_NO_PIC = NO;
				GCC_OPTIMIZATION_LEVEL = 0;
				PRODUCT_NAME = "make bleu";
			};
			name = Debug;
		};
		D8980518121D89F60007A0AB /* Release */ = {
			isa = XCBuildConfiguration;
			buildSettings = {
				COPY_PHASE_STRIP = YES;
				DEBUG_INFORMATION_FORMAT = "dwarf-with-dsym";
				GCC_ENABLE_FIX_AND_CONTINUE = NO;
				PRODUCT_NAME = "make bleu";
				ZERO_LINK = NO;
			};
			name = Release;
		};
		E787C0C112C7D87400EF9891 /* Debug */ = {
			isa = XCBuildConfiguration;
			buildSettings = {
				ALWAYS_SEARCH_USER_PATHS = NO;
				COPY_PHASE_STRIP = NO;
				GCC_DYNAMIC_NO_PIC = NO;
				GCC_ENABLE_FIX_AND_CONTINUE = YES;
				GCC_MODEL_TUNING = G5;
				GCC_OPTIMIZATION_LEVEL = 0;
				INSTALL_PATH = /usr/local/bin;
				PRODUCT_NAME = bleu;
			};
			name = Debug;
		};
		E787C0C212C7D87400EF9891 /* Release */ = {
			isa = XCBuildConfiguration;
			buildSettings = {
				ALWAYS_SEARCH_USER_PATHS = NO;
				DEBUG_INFORMATION_FORMAT = "dwarf-with-dsym";
				GCC_MODEL_TUNING = G5;
				GCC_OPTIMIZATION_LEVEL = 3;
				INSTALL_PATH = /usr/local/bin;
				PRODUCT_NAME = bleu;
			};
			name = Release;
		};
/* End XCBuildConfiguration section */

/* Begin XCConfigurationList section */
		1DEB923108733DC60010E9CD /* Build configuration list for PBXNativeTarget "bleu" */ = {
			isa = XCConfigurationList;
			buildConfigurations = (
				1DEB923208733DC60010E9CD /* Debug */,
				1DEB923308733DC60010E9CD /* Release */,
			);
			defaultConfigurationIsVisible = 0;
			defaultConfigurationName = Release;
		};
		1DEB923508733DC60010E9CD /* Build configuration list for PBXProject "bleu" */ = {
			isa = XCConfigurationList;
			buildConfigurations = (
				1DEB923608733DC60010E9CD /* Debug */,
				1DEB923708733DC60010E9CD /* Release */,
			);
			defaultConfigurationIsVisible = 0;
			defaultConfigurationName = Release;
		};
		D8980519121D8A1D0007A0AB /* Build configuration list for PBXLegacyTarget "make bleu" */ = {
			isa = XCConfigurationList;
			buildConfigurations = (
				D8980517121D89F60007A0AB /* Debug */,
				D8980518121D89F60007A0AB /* Release */,
			);
			defaultConfigurationIsVisible = 0;
			defaultConfigurationName = Release;
		};
		E787C0C012C7D87400EF9891 /* Build configuration list for PBXNativeTarget "bleu_tests" */ = {
			isa = XCConfigurationList;
			buildConfigurations = (
				E787C0C112C7D87400EF9891 /* Debug */,
				E787C0C212C7D87400EF9891 /* Release */,
			);
			defaultConfigurationIsVisible = 0;
			defaultConfigurationName = Release;
		};
/* End XCConfigurationList section */
	};
	rootObject = 08FB7793FE84155DC02AAC07 /* Project object */;
}
